
Microsoft Visual Studio Solution File, Format Version 12.00
# Visual Studio Version 17
VisualStudioVersion = 17.5.002.0
MinimumVisualStudioVersion = 10.0.40219.1
Project("{2150E333-8FDC-42A3-9474-1A3956D46DE8}") = "helloworld", "helloworld", "{10FE3373-1BA1-4377-9F13-44ADBAD4C745}"
EndProject
Project("{9A19103F-16F7-4668-BE54-9A1E7A4F7556}") = "Receive", "helloworld\Receive\Receive.csproj", "{13678CDA-4959-49C4-B712-3C146B6EE984}"
EndProject
Project("{9A19103F-16F7-4668-BE54-9A1E7A4F7556}") = "Send", "helloworld\Send\Send.csproj", "{BD6B8394-1058-4DA0-9386-71AD4606AC02}"
EndProject
Global
	GlobalSection(SolutionConfigurationPlatforms) = preSolution
		Debug|Any CPU = Debug|Any CPU
		Release|Any CPU = Release|Any CPU
	EndGlobalSection
	GlobalSection(ProjectConfigurationPlatforms) = postSolution
		{13678CDA-4959-49C4-B712-3C146B6EE984}.Debug|Any CPU.ActiveCfg = Debug|Any CPU
		{13678CDA-4959-49C4-B712-3C146B6EE984}.Debug|Any CPU.Build.0 = Debug|Any CPU
		{13678CDA-4959-49C4-B712-3C146B6EE984}.Release|Any CPU.ActiveCfg = Release|Any CPU
		{13678CDA-4959-49C4-B712-3C146B6EE984}.Release|Any CPU.Build.0 = Release|Any CPU
		{BD6B8394-1058-4DA0-9386-71AD4606AC02}.Debug|Any CPU.ActiveCfg = Debug|Any CPU
		{BD6B8394-1058-4DA0-9386-71AD4606AC02}.Debug|Any CPU.Build.0 = Debug|Any CPU
		{BD6B8394-1058-4DA0-9386-71AD4606AC02}.Release|Any CPU.ActiveCfg = Release|Any CPU
		{BD6B8394-1058-4DA0-9386-71AD4606AC02}.Release|Any CPU.Build.0 = Release|Any CPU
	EndGlobalSection
	GlobalSection(SolutionProperties) = preSolution
		HideSolutionNode = FALSE
	EndGlobalSection
	GlobalSection(NestedProjects) = preSolution
		{13678CDA-4959-49C4-B712-3C146B6EE984} = {10FE3373-1BA1-4377-9F13-44ADBAD4C745}
		{BD6B8394-1058-4DA0-9386-71AD4606AC02} = {10FE3373-1BA1-4377-9F13-44ADBAD4C745}
	EndGlobalSection
	GlobalSection(ExtensibilityGlobals) = postSolution
		SolutionGuid = {B5DB48BB-C0E6-4636-B39B-66EA203BC2DE}
	EndGlobalSection
EndGlobal
